
Microsoft Visual Studio Solution File, Format Version 12.00
# Visual Studio Version 16
VisualStudioVersion = 16.0.31313.79
MinimumVisualStudioVersion = 10.0.40219.1
Project("{FAE04EC0-301F-11D3-BF4B-00C04F79EFBC}") = "WebApplicationMoviesSpring2021", "WebApplicationMoviesSpring2021.csproj", "{CDA23B7F-7110-4D05-B792-920C214B65EB}"
EndProject
Global
	GlobalSection(SolutionConfigurationPlatforms) = preSolution
		Debug|Any CPU = Debug|Any CPU
		Release|Any CPU = Release|Any CPU
	EndGlobalSection
	GlobalSection(ProjectConfigurationPlatforms) = postSolution
		{CDA23B7F-7110-4D05-B792-920C214B65EB}.Debug|Any CPU.ActiveCfg = Debug|Any CPU
		{CDA23B7F-7110-4D05-B792-920C214B65EB}.Debug|Any CPU.Build.0 = Debug|Any CPU
		{CDA23B7F-7110-4D05-B792-920C214B65EB}.Release|Any CPU.ActiveCfg = Release|Any CPU
		{CDA23B7F-7110-4D05-B792-920C214B65EB}.Release|Any CPU.Build.0 = Release|Any CPU
	EndGlobalSection
	GlobalSection(SolutionProperties) = preSolution
		HideSolutionNode = FALSE
	EndGlobalSection
	GlobalSection(ExtensibilityGlobals) = postSolution
		SolutionGuid = {1D8D05E8-4F92-46FE-BF8C-81CAEAFA0FD8}
	EndGlobalSection
EndGlobal
